
Microsoft Visual Studio Solution File, Format Version 12.00
# Visual Studio Version 17
VisualStudioVersion = 17.3.32825.248
MinimumVisualStudioVersion = 10.0.40219.1
Project("{FAE04EC0-301F-11D3-BF4B-00C04F79EFBC}") = "Week15OOPAndFiles", "Week15OOPAndFiles\Week15OOPAndFiles.csproj", "{31915D8E-E2A9-4371-A1AC-67E9F15E4E64}"
EndProject
Global
	GlobalSection(SolutionConfigurationPlatforms) = preSolution
		Debug|Any CPU = Debug|Any CPU
		Release|Any CPU = Release|Any CPU
	EndGlobalSection
	GlobalSection(ProjectConfigurationPlatforms) = postSolution
		{31915D8E-E2A9-4371-A1AC-67E9F15E4E64}.Debug|Any CPU.ActiveCfg = Debug|Any CPU
		{31915D8E-E2A9-4371-A1AC-67E9F15E4E64}.Debug|Any CPU.Build.0 = Debug|Any CPU
		{31915D8E-E2A9-4371-A1AC-67E9F15E4E64}.Release|Any CPU.ActiveCfg = Release|Any CPU
		{31915D8E-E2A9-4371-A1AC-67E9F15E4E64}.Release|Any CPU.Build.0 = Release|Any CPU
	EndGlobalSection
	GlobalSection(SolutionProperties) = preSolution
		HideSolutionNode = FALSE
	EndGlobalSection
	GlobalSection(ExtensibilityGlobals) = postSolution
		SolutionGuid = {D657E09F-2896-4CE0-A421-9A03E72547B0}
	EndGlobalSection
EndGlobal
